
Microsoft Visual Studio Solution File, Format Version 12.00
# Visual Studio Version 16
VisualStudioVersion = 16.0.32929.386
MinimumVisualStudioVersion = 10.0.40219.1
Project("{FAE04EC0-301F-11D3-BF4B-00C04F79EFBC}") = "Mass4", "Mass4\Mass4.csproj", "{66361A10-3D16-4E51-BBC1-875CB8435090}"
EndProject
Global
	GlobalSection(SolutionConfigurationPlatforms) = preSolution
		Debug|Any CPU = Debug|Any CPU
		Release|Any CPU = Release|Any CPU
	EndGlobalSection
	GlobalSection(ProjectConfigurationPlatforms) = postSolution
		{66361A10-3D16-4E51-BBC1-875CB8435090}.Debug|Any CPU.ActiveCfg = Debug|Any CPU
		{66361A10-3D16-4E51-BBC1-875CB8435090}.Debug|Any CPU.Build.0 = Debug|Any CPU
		{66361A10-3D16-4E51-BBC1-875CB8435090}.Release|Any CPU.ActiveCfg = Release|Any CPU
		{66361A10-3D16-4E51-BBC1-875CB8435090}.Release|Any CPU.Build.0 = Release|Any CPU
	EndGlobalSection
	GlobalSection(SolutionProperties) = preSolution
		HideSolutionNode = FALSE
	EndGlobalSection
	GlobalSection(ExtensibilityGlobals) = postSolution
		SolutionGuid = {A4A4A8D0-F7C9-42FA-AD8D-8B133B48A77F}
	EndGlobalSection
EndGlobal
