
Microsoft Visual Studio Solution File, Format Version 12.00
# Visual Studio Version 16
VisualStudioVersion = 16.0.32929.386
MinimumVisualStudioVersion = 10.0.40219.1
Project("{FAE04EC0-301F-11D3-BF4B-00C04F79EFBC}") = "KKCH10", "KKCH10\KKCH10.csproj", "{7637A609-2579-42E8-8F60-348DD90FC5B2}"
EndProject
Global
	GlobalSection(SolutionConfigurationPlatforms) = preSolution
		Debug|Any CPU = Debug|Any CPU
		Release|Any CPU = Release|Any CPU
	EndGlobalSection
	GlobalSection(ProjectConfigurationPlatforms) = postSolution
		{7637A609-2579-42E8-8F60-348DD90FC5B2}.Debug|Any CPU.ActiveCfg = Debug|Any CPU
		{7637A609-2579-42E8-8F60-348DD90FC5B2}.Debug|Any CPU.Build.0 = Debug|Any CPU
		{7637A609-2579-42E8-8F60-348DD90FC5B2}.Release|Any CPU.ActiveCfg = Release|Any CPU
		{7637A609-2579-42E8-8F60-348DD90FC5B2}.Release|Any CPU.Build.0 = Release|Any CPU
	EndGlobalSection
	GlobalSection(SolutionProperties) = preSolution
		HideSolutionNode = FALSE
	EndGlobalSection
	GlobalSection(ExtensibilityGlobals) = postSolution
		SolutionGuid = {47CBE730-8C27-49E5-AAAB-4B8B6D28C5D4}
	EndGlobalSection
EndGlobal
